
Microsoft Visual Studio Solution File, Format Version 12.00
# Visual Studio Version 17
VisualStudioVersion = 17.14.36518.9 d17.14
MinimumVisualStudioVersion = 10.0.40219.1
Project("{FAE04EC0-301F-11D3-BF4B-00C04F79EFBC}") = "StudentService", "StudentService\StudentService.csproj", "{99ED36D1-2A7F-457C-8202-54CE6B64885E}"
EndProject
Project("{FAE04EC0-301F-11D3-BF4B-00C04F79EFBC}") = "PaymentService", "PaymentService\PaymentService.csproj", "{C2AB6C48-1317-4248-A25F-83033FEF9007}"
EndProject
Global
	GlobalSection(SolutionConfigurationPlatforms) = preSolution
		Debug|Any CPU = Debug|Any CPU
		Release|Any CPU = Release|Any CPU
	EndGlobalSection
	GlobalSection(ProjectConfigurationPlatforms) = postSolution
		{99ED36D1-2A7F-457C-8202-54CE6B64885E}.Debug|Any CPU.ActiveCfg = Debug|Any CPU
		{99ED36D1-2A7F-457C-8202-54CE6B64885E}.Debug|Any CPU.Build.0 = Debug|Any CPU
		{99ED36D1-2A7F-457C-8202-54CE6B64885E}.Release|Any CPU.ActiveCfg = Release|Any CPU
		{99ED36D1-2A7F-457C-8202-54CE6B64885E}.Release|Any CPU.Build.0 = Release|Any CPU
		{C2AB6C48-1317-4248-A25F-83033FEF9007}.Debug|Any CPU.ActiveCfg = Debug|Any CPU
		{C2AB6C48-1317-4248-A25F-83033FEF9007}.Debug|Any CPU.Build.0 = Debug|Any CPU
		{C2AB6C48-1317-4248-A25F-83033FEF9007}.Release|Any CPU.ActiveCfg = Release|Any CPU
		{C2AB6C48-1317-4248-A25F-83033FEF9007}.Release|Any CPU.Build.0 = Release|Any CPU
	EndGlobalSection
	GlobalSection(SolutionProperties) = preSolution
		HideSolutionNode = FALSE
	EndGlobalSection
	GlobalSection(ExtensibilityGlobals) = postSolution
		SolutionGuid = {89312232-1D82-4E99-A1AD-DB36B689D14A}
	EndGlobalSection
EndGlobal
